
Microsoft Visual Studio Solution File, Format Version 12.00
# Visual Studio 15
VisualStudioVersion = 15.0.28307.168
MinimumVisualStudioVersion = 10.0.40219.1
Project("{FAE04EC0-301F-11D3-BF4B-00C04F79EFBC}") = "datezite", "datezite\datezite.csproj", "{75D49110-D0F9-4305-B8D4-7C4A350D0760}"
EndProject
Global
	GlobalSection(SolutionConfigurationPlatforms) = preSolution
		Debug|Any CPU = Debug|Any CPU
		Release|Any CPU = Release|Any CPU
	EndGlobalSection
	GlobalSection(ProjectConfigurationPlatforms) = postSolution
		{75D49110-D0F9-4305-B8D4-7C4A350D0760}.Debug|Any CPU.ActiveCfg = Debug|Any CPU
		{75D49110-D0F9-4305-B8D4-7C4A350D0760}.Debug|Any CPU.Build.0 = Debug|Any CPU
		{75D49110-D0F9-4305-B8D4-7C4A350D0760}.Release|Any CPU.ActiveCfg = Release|Any CPU
		{75D49110-D0F9-4305-B8D4-7C4A350D0760}.Release|Any CPU.Build.0 = Release|Any CPU
	EndGlobalSection
	GlobalSection(SolutionProperties) = preSolution
		HideSolutionNode = FALSE
	EndGlobalSection
	GlobalSection(ExtensibilityGlobals) = postSolution
		SolutionGuid = {55351805-6478-4C07-BE3F-1A2AB521E268}
	EndGlobalSection
EndGlobal
